
Microsoft Visual Studio Solution File, Format Version 11.00
# Visual Studio 2010
Project("{FAE04EC0-301F-11D3-BF4B-00C04F79EFBC}") = "Assembly-CSharp", "Assembly-CSharp.csproj", "{c6b9f593-8f97-952e-23d3-2d6a203e2318}"
EndProject
Project("{FAE04EC0-301F-11D3-BF4B-00C04F79EFBC}") = "Assembly-CSharp-Editor", "Assembly-CSharp-Editor.csproj", "{4fccefd4-0abe-7db9-2619-013062a80f81}"
EndProject
Global
	GlobalSection(SolutionConfigurationPlatforms) = preSolution
		Debug|Any CPU = Debug|Any CPU
	EndGlobalSection
	GlobalSection(ProjectConfigurationPlatforms) = postSolution
		{c6b9f593-8f97-952e-23d3-2d6a203e2318}.Debug|Any CPU.ActiveCfg = Debug|Any CPU
		{c6b9f593-8f97-952e-23d3-2d6a203e2318}.Debug|Any CPU.Build.0 = Debug|Any CPU
		{4fccefd4-0abe-7db9-2619-013062a80f81}.Debug|Any CPU.ActiveCfg = Debug|Any CPU
		{4fccefd4-0abe-7db9-2619-013062a80f81}.Debug|Any CPU.Build.0 = Debug|Any CPU
	EndGlobalSection
	GlobalSection(SolutionProperties) = preSolution
		HideSolutionNode = FALSE
	EndGlobalSection
EndGlobal
